
Microsoft Visual Studio Solution File, Format Version 12.00
# Visual Studio Version 17
VisualStudioVersion = 17.7.34202.233
MinimumVisualStudioVersion = 10.0.40219.1
Project("{FAE04EC0-301F-11D3-BF4B-00C04F79EFBC}") = "Task01", "Task01\Task01.csproj", "{149371DA-7D4C-49E1-8B55-094D392A0850}"
EndProject
Global
	GlobalSection(SolutionConfigurationPlatforms) = preSolution
		Debug|Any CPU = Debug|Any CPU
		Release|Any CPU = Release|Any CPU
	EndGlobalSection
	GlobalSection(ProjectConfigurationPlatforms) = postSolution
		{149371DA-7D4C-49E1-8B55-094D392A0850}.Debug|Any CPU.ActiveCfg = Debug|Any CPU
		{149371DA-7D4C-49E1-8B55-094D392A0850}.Debug|Any CPU.Build.0 = Debug|Any CPU
		{149371DA-7D4C-49E1-8B55-094D392A0850}.Release|Any CPU.ActiveCfg = Release|Any CPU
		{149371DA-7D4C-49E1-8B55-094D392A0850}.Release|Any CPU.Build.0 = Release|Any CPU
	EndGlobalSection
	GlobalSection(SolutionProperties) = preSolution
		HideSolutionNode = FALSE
	EndGlobalSection
	GlobalSection(ExtensibilityGlobals) = postSolution
		SolutionGuid = {4F10FC59-466E-4280-BDC1-7E86A81DB2F8}
	EndGlobalSection
EndGlobal
